{
  "nodes": {
    "flake-utils": {
      "locked": {
        "lastModified": 1667395993,
        "narHash": "sha256-nuEHfE/LcWyuSWnS8t12N1wc105Qtau+/OdUAjtQ0rA=",
        "owner": "numtide",
        "repo": "flake-utils",
        "rev": "5aed5285a952e0b949eb3ba02c12fa4fcfef535f",
        "type": "github"
      },
      "original": {
        "owner": "numtide",
        "repo": "flake-utils",
        "type": "github"
      }
    },
    "nixlib": {
      "locked": {
        "lastModified": 1636849918,
        "narHash": "sha256-nzUK6dPcTmNVrgTAC1EOybSMsrcx+QrVPyqRdyKLkjA=",
        "owner": "nix-community",
        "repo": "nixpkgs.lib",
        "rev": "28a5b0557f14124608db68d3ee1f77e9329e9dd5",
        "type": "github"
      },
      "original": {
        "owner": "nix-community",
        "repo": "nixpkgs.lib",
        "type": "github"
      }
    },
    "nixos-generators": {
      "inputs": {
        "nixlib": "nixlib",
        "nixpkgs": [
          "nixpkgs"
        ]
      },
      "locked": {
        "lastModified": 1672682641,
        "narHash": "sha256-940TLvtdT8YKuP5nXcPhUfNeK0A/leSjjG8hfqvWM84=",
        "owner": "nix-community",
        "repo": "nixos-generators",
        "rev": "30516cb2b01896e14ce66893e414b6e3eec71cac",
        "type": "github"
      },
      "original": {
        "owner": "nix-community",
        "repo": "nixos-generators",
        "type": "github"
      }
    },
    "nixpkgs": {
      "locked": {
        "lastModified": 1673226411,
        "narHash": "sha256-b6cGb5Ln7Zy80YO66+cbTyGdjZKtkoqB/iIIhDX9gRA=",
        "owner": "NixOS",
        "repo": "nixpkgs",
        "rev": "aa1d74709f5dac623adb4d48fdfb27cc2c92a4d4",
        "type": "github"
      },
      "original": {
        "owner": "NixOS",
        "ref": "nixos-unstable",
        "repo": "nixpkgs",
        "type": "github"
      }
    },
    "root": {
      "inputs": {
        "flake-utils": "flake-utils",
        "nixos-generators": "nixos-generators",
        "nixpkgs": "nixpkgs",
        "self-stable": "self-stable"
      }
    },
    "self-stable": {
      "flake": false,
      "locked": {
        "lastModified": 1683838135,
        "narHash": "sha256-ECFKU6El7GG4hgDRWCyhGGClE8gVO8GoGte9BTe3PqY=",
        "ref": "eurosys23",
        "rev": "b4ea750479114d0c7a47d40cc3382dcfe13f5cad",
        "revCount": 311,
        "submodules": true,
        "type": "git",
        "url": "ssh://git@github.com/mmisono/unikraft-development"
      },
      "original": {
        "ref": "eurosys23",
        "submodules": true,
        "type": "git",
        "url": "ssh://git@github.com/mmisono/unikraft-development"
      }
    }
  },
  "root": "root",
  "version": 7
}
