{
  "nodes": {
    "flake-utils": {
      "locked": {
        "lastModified": 1659877975,
        "narHash": "sha256-zllb8aq3YO3h8B/U0/J1WBgAL8EX5yWf5pMj3G0NAmc=",
        "owner": "numtide",
        "repo": "flake-utils",
        "rev": "c0e246b9b83f637f4681389ecabcb2681b4f3af0",
        "type": "github"
      },
      "original": {
        "owner": "numtide",
        "repo": "flake-utils",
        "type": "github"
      }
    },
    "nixlib": {
      "locked": {
        "lastModified": 1636849918,
        "narHash": "sha256-nzUK6dPcTmNVrgTAC1EOybSMsrcx+QrVPyqRdyKLkjA=",
        "owner": "nix-community",
        "repo": "nixpkgs.lib",
        "rev": "28a5b0557f14124608db68d3ee1f77e9329e9dd5",
        "type": "github"
      },
      "original": {
        "owner": "nix-community",
        "repo": "nixpkgs.lib",
        "type": "github"
      }
    },
    "nixos-generators": {
      "inputs": {
        "nixlib": "nixlib",
        "nixpkgs": [
          "nixpkgs"
        ]
      },
      "locked": {
        "lastModified": 1669065280,
        "narHash": "sha256-3+pq1oJWjGDLfd8G/vR3IIFZ+EQ/aglukA0bTiMlf3o=",
        "owner": "nix-community",
        "repo": "nixos-generators",
        "rev": "50aeec40f2072d2ab267c8ec8a345573704ec110",
        "type": "github"
      },
      "original": {
        "owner": "nix-community",
        "repo": "nixos-generators",
        "type": "github"
      }
    },
    "nixpkgs": {
      "locked": {
        "lastModified": 1662911228,
        "narHash": "sha256-oJOrB2lEeBLaO8g1DKG5PK9a1zyOWypkscrEfxxEj8A=",
        "owner": "NixOS",
        "repo": "nixpkgs",
        "rev": "c97e777ff06fcb8d37dcdf5e21e9eff1f34f0e90",
        "type": "github"
      },
      "original": {
        "owner": "NixOS",
        "ref": "nixos-unstable",
        "repo": "nixpkgs",
        "type": "github"
      }
    },
    "root": {
      "inputs": {
        "flake-utils": "flake-utils",
        "nixos-generators": "nixos-generators",
        "nixpkgs": "nixpkgs",
        "self-stable": "self-stable"
      }
    },
    "self-stable": {
      "flake": false,
      "locked": {
        "lastModified": 1671796120,
        "narHash": "sha256-akQbcMx70V5WwBpc6vy6T28B6p1K6tjMJcUe0Gd5CRw=",
        "ref": "dev/peter",
        "rev": "7a1f2b203aaa82ff8e6cd8d7c310776e3886d03b",
        "revCount": 160,
        "submodules": true,
        "type": "git",
        "url": "ssh://git@github.com/mmisono/unikraft-development"
      },
      "original": {
        "ref": "dev/peter",
        "submodules": true,
        "type": "git",
        "url": "ssh://git@github.com/mmisono/unikraft-development"
      }
    }
  },
  "root": "root",
  "version": 7
}
